# THIS IS AN AUTOGENERATED FILE. DO NOT EDIT THIS FILE DIRECTLY.
# yarn lockfile v1


abstract-leveldown@~0.12.0:
  version "0.12.4"
  resolved "http://registry.npm.taobao.org/abstract-leveldown/download/abstract-leveldown-0.12.4.tgz#29e18e632e60e4e221d5810247852a63d7b2e410"
  dependencies:
    xtend "~3.0.0"

array-parallel@~0.1.3:
  version "0.1.3"
  resolved "http://registry.npm.taobao.org/array-parallel/download/array-parallel-0.1.3.tgz#8f785308926ed5aa478c47e64d1b334b6c0c947d"

array-series@~0.1.5:
  version "0.1.5"
  resolved "http://registry.npm.taobao.org/array-series/download/array-series-0.1.5.tgz#df5d37bfc5c2ef0755e2aa4f92feae7d4b5a972f"

cross-spawn@^4.0.0:
  version "4.0.2"
  resolved "http://registry.npm.taobao.org/cross-spawn/download/cross-spawn-4.0.2.tgz#7b9247621c23adfdd3856004a823cbe397424d41"
  dependencies:
    lru-cache "^4.0.1"
    which "^1.2.9"

debug@^3.1.0:
  version "3.2.6"
  resolved "http://registry.npm.taobao.org/debug/download/debug-3.2.6.tgz#e83d17de16d8a7efb7717edbe5fb10135eee629b"
  dependencies:
    ms "^2.1.1"

encoding@^0.1.11:
  version "0.1.12"
  resolved "http://registry.npm.taobao.org/encoding/download/encoding-0.1.12.tgz#538b66f3ee62cd1ab51ec323829d1f9480c74beb"
  dependencies:
    iconv-lite "~0.4.13"

file-type@^3.8.0:
  version "3.9.0"
  resolved "http://registry.npm.taobao.org/file-type/download/file-type-3.9.0.tgz#257a078384d1db8087bc449d107d52a52672b9e9"

gm@^1.23.1:
  version "1.23.1"
  resolved "http://registry.npm.taobao.org/gm/download/gm-1.23.1.tgz#2edeeb958084d0f8ea7988e5d995b1c7dfc14777"
  dependencies:
    array-parallel "~0.1.3"
    array-series "~0.1.5"
    cross-spawn "^4.0.0"
    debug "^3.1.0"

iconv-lite@~0.4.13:
  version "0.4.24"
  resolved "http://registry.npm.taobao.org/iconv-lite/download/iconv-lite-0.4.24.tgz#2022b4b25fbddc21d2f524974a474aafe733908b"
  dependencies:
    safer-buffer ">= 2.1.2 < 3"

idb-wrapper@^1.5.0:
  version "1.7.2"
  resolved "http://registry.npm.taobao.org/idb-wrapper/download/idb-wrapper-1.7.2.tgz#8251afd5e77fe95568b1c16152eb44b396767ea2"

is-stream@^1.0.1:
  version "1.1.0"
  resolved "http://registry.npm.taobao.org/is-stream/download/is-stream-1.1.0.tgz#12d4a3dd4e68e0b79ceb8dbc84173ae80d91ca44"

is-url@^1.2.2:
  version "1.2.4"
  resolved "http://registry.npm.taobao.org/is-url/download/is-url-1.2.4.tgz#04a4df46d28c4cff3d73d01ff06abeb318a1aa52"

isbuffer@~0.0.0:
  version "0.0.0"
  resolved "http://registry.npm.taobao.org/isbuffer/download/isbuffer-0.0.0.tgz#38c146d9df528b8bf9b0701c3d43cf12df3fc39b"

isexe@^2.0.0:
  version "2.0.0"
  resolved "http://registry.npm.taobao.org/isexe/download/isexe-2.0.0.tgz#e8fbf374dc556ff8947a10dcb0572d633f2cfa10"

isomorphic-fetch@^2.2.1:
  version "2.2.1"
  resolved "http://registry.npm.taobao.org/isomorphic-fetch/download/isomorphic-fetch-2.2.1.tgz#611ae1acf14f5e81f729507472819fe9733558a9"
  dependencies:
    node-fetch "^1.0.1"
    whatwg-fetch ">=0.10.0"

jpeg-js@^0.2.0:
  version "0.2.0"
  resolved "http://registry.npm.taobao.org/jpeg-js/download/jpeg-js-0.2.0.tgz#53e448ec9d263e683266467e9442d2c5a2ef5482"

level-js@^2.2.4:
  version "2.2.4"
  resolved "http://registry.npm.taobao.org/level-js/download/level-js-2.2.4.tgz#bc055f4180635d4489b561c9486fa370e8c11697"
  dependencies:
    abstract-leveldown "~0.12.0"
    idb-wrapper "^1.5.0"
    isbuffer "~0.0.0"
    ltgt "^2.1.2"
    typedarray-to-buffer "~1.0.0"
    xtend "~2.1.2"

lru-cache@^4.0.1:
  version "4.1.3"
  resolved "http://registry.npm.taobao.org/lru-cache/download/lru-cache-4.1.3.tgz#a1175cf3496dfc8436c156c334b4955992bce69c"
  dependencies:
    pseudomap "^1.0.2"
    yallist "^2.1.2"

ltgt@^2.1.2:
  version "2.2.1"
  resolved "http://registry.npm.taobao.org/ltgt/download/ltgt-2.2.1.tgz#f35ca91c493f7b73da0e07495304f17b31f87ee5"

ms@^2.1.1:
  version "2.1.1"
  resolved "http://registry.npm.taobao.org/ms/download/ms-2.1.1.tgz#30a5864eb3ebb0a66f2ebe6d727af06a09d86e0a"

node-fetch@^1.0.1, node-fetch@^1.6.3:
  version "1.7.3"
  resolved "http://registry.npm.taobao.org/node-fetch/download/node-fetch-1.7.3.tgz#980f6f72d85211a5347c6b2bc18c5b84c3eb47ef"
  dependencies:
    encoding "^0.1.11"
    is-stream "^1.0.1"

object-assign@^4.1.0:
  version "4.1.1"
  resolved "http://registry.npm.taobao.org/object-assign/download/object-assign-4.1.1.tgz#2109adc7965887cfc05cbbd442cac8bfbb360863"

object-keys@~0.4.0:
  version "0.4.0"
  resolved "http://registry.npm.taobao.org/object-keys/download/object-keys-0.4.0.tgz#28a6aae7428dd2c3a92f3d95f21335dd204e0336"

png.js@^0.2.1:
  version "0.2.1"
  resolved "http://registry.npm.taobao.org/png.js/download/png.js-0.2.1.tgz#da6b83c134bdc101940d9ab1c98e9154affbb1f2"

pseudomap@^1.0.2:
  version "1.0.2"
  resolved "http://registry.npm.taobao.org/pseudomap/download/pseudomap-1.0.2.tgz#f052a28da70e618917ef0a8ac34c1ae5a68286b3"

"safer-buffer@>= 2.1.2 < 3":
  version "2.1.2"
  resolved "http://registry.npm.taobao.org/safer-buffer/download/safer-buffer-2.1.2.tgz#44fa161b0187b9549dd84bb91802f9bd8385cd6a"

tesseract.js-core@^1.0.2:
  version "1.0.2"
  resolved "http://registry.npm.taobao.org/tesseract.js-core/download/tesseract.js-core-1.0.2.tgz#1ce33a29dc812357b8356a30ededf8b188043b37"

tesseract.js@^1.0.12:
  version "1.0.12"
  resolved "http://registry.npm.taobao.org/tesseract.js/download/tesseract.js-1.0.12.tgz#599769c2e8969aa741cde3d59133ac83bf7ad057"
  dependencies:
    file-type "^3.8.0"
    is-url "^1.2.2"
    isomorphic-fetch "^2.2.1"
    jpeg-js "^0.2.0"
    level-js "^2.2.4"
    node-fetch "^1.6.3"
    object-assign "^4.1.0"
    png.js "^0.2.1"
    tesseract.js-core "^1.0.2"

typedarray-to-buffer@~1.0.0:
  version "1.0.4"
  resolved "http://registry.npm.taobao.org/typedarray-to-buffer/download/typedarray-to-buffer-1.0.4.tgz#9bb8ba0e841fb3f4cf1fe7c245e9f3fa8a5fe99c"

whatwg-fetch@>=0.10.0:
  version "3.0.0"
  resolved "http://registry.npm.taobao.org/whatwg-fetch/download/whatwg-fetch-3.0.0.tgz#fc804e458cc460009b1a2b966bc8817d2578aefb"

which@^1.2.9:
  version "1.3.1"
  resolved "http://registry.npm.taobao.org/which/download/which-1.3.1.tgz#a45043d54f5805316da8d62f9f50918d3da70b0a"
  dependencies:
    isexe "^2.0.0"

xtend@~2.1.2:
  version "2.1.2"
  resolved "http://registry.npm.taobao.org/xtend/download/xtend-2.1.2.tgz#6efecc2a4dad8e6962c4901b337ce7ba87b5d28b"
  dependencies:
    object-keys "~0.4.0"

xtend@~3.0.0:
  version "3.0.0"
  resolved "http://registry.npm.taobao.org/xtend/download/xtend-3.0.0.tgz#5cce7407baf642cba7becda568111c493f59665a"

yallist@^2.1.2:
  version "2.1.2"
  resolved "http://registry.npm.taobao.org/yallist/download/yallist-2.1.2.tgz#1c11f9218f076089a47dd512f93c6699a6a81d52"
